
Microsoft Visual Studio Solution File, Format Version 12.00
# Visual Studio 2012
Project("{FAE04EC0-301F-11D3-BF4B-00C04F79EFBC}") = "TestLogger", "TestLogger\TestLogger.csproj", "{F33DE00D-1BFF-41B4-83B1-43C1BD30FA47}"
EndProject
Project("{FAE04EC0-301F-11D3-BF4B-00C04F79EFBC}") = "LoggerApp", "LoggerApp\LoggerApp.csproj", "{1A080AA8-F39A-41E4-BB2D-F5F64B26C5A1}"
EndProject
Global
	GlobalSection(SolutionConfigurationPlatforms) = preSolution
		Debug|Any CPU = Debug|Any CPU
		Release|Any CPU = Release|Any CPU
	EndGlobalSection
	GlobalSection(ProjectConfigurationPlatforms) = postSolution
		{F33DE00D-1BFF-41B4-83B1-43C1BD30FA47}.Debug|Any CPU.ActiveCfg = Debug|Any CPU
		{F33DE00D-1BFF-41B4-83B1-43C1BD30FA47}.Debug|Any CPU.Build.0 = Debug|Any CPU
		{F33DE00D-1BFF-41B4-83B1-43C1BD30FA47}.Release|Any CPU.ActiveCfg = Release|Any CPU
		{F33DE00D-1BFF-41B4-83B1-43C1BD30FA47}.Release|Any CPU.Build.0 = Release|Any CPU
		{1A080AA8-F39A-41E4-BB2D-F5F64B26C5A1}.Debug|Any CPU.ActiveCfg = Debug|Any CPU
		{1A080AA8-F39A-41E4-BB2D-F5F64B26C5A1}.Debug|Any CPU.Build.0 = Debug|Any CPU
		{1A080AA8-F39A-41E4-BB2D-F5F64B26C5A1}.Release|Any CPU.ActiveCfg = Release|Any CPU
		{1A080AA8-F39A-41E4-BB2D-F5F64B26C5A1}.Release|Any CPU.Build.0 = Release|Any CPU
	EndGlobalSection
	GlobalSection(SolutionProperties) = preSolution
		HideSolutionNode = FALSE
	EndGlobalSection
EndGlobal
